// !$*UTF8*$!
{
	archiveVersion = 1;
	classes = {
	};
	objectVersion = 46;
	objects = {

/* Begin PBXBuildFile section */
		3A75EE0E1BB822D9002B819D /* Packaging Filled-100.png in Resources */ = {isa = PBXBuildFile; fileRef = 3A75EE0D1BB822D9002B819D /* Packaging Filled-100.png */; settings = {ASSET_TAGS = (); }; };
		3A75EE101BB822DF002B819D /* Airport Filled-100.png in Resources */ = {isa = PBXBuildFile; fileRef = 3A75EE0F1BB822DF002B819D /* Airport Filled-100.png */; settings = {ASSET_TAGS = (); }; };
		3A75EE121BB823FC002B819D /* Packaging Filled-32.png in Resources */ = {isa = PBXBuildFile; fileRef = 3A75EE111BB823FC002B819D /* Packaging Filled-32.png */; settings = {ASSET_TAGS = (); }; };
		3A75EE141BB82402002B819D /* Airport Filled-32.png in Resources */ = {isa = PBXBuildFile; fileRef = 3A75EE131BB82402002B819D /* Airport Filled-32.png */; settings = {ASSET_TAGS = (); }; };
		3AAB0B101BB7196900DEC03C /* main.m in Sources */ = {isa = PBXBuildFile; fileRef = 3AAB0B0F1BB7196900DEC03C /* main.m */; };
		3AAB0B131BB7196900DEC03C /* AppDelegate.m in Sources */ = {isa = PBXBuildFile; fileRef = 3AAB0B121BB7196900DEC03C /* AppDelegate.m */; };
		3AAB0B161BB7196900DEC03C /* FlightTableViewController.m in Sources */ = {isa = PBXBuildFile; fileRef = 3AAB0B151BB7196900DEC03C /* FlightTableViewController.m */; };
		3AAB0B191BB7196900DEC03C /* PackageTableViewController.m in Sources */ = {isa = PBXBuildFile; fileRef = 3AAB0B181BB7196900DEC03C /* PackageTableViewController.m */; };
		3AAB0B1C1BB7196900DEC03C /* Main.storyboard in Resources */ = {isa = PBXBuildFile; fileRef = 3AAB0B1A1BB7196900DEC03C /* Main.storyboard */; };
		3AAB0B1E1BB7196900DEC03C /* Assets.xcassets in Resources */ = {isa = PBXBuildFile; fileRef = 3AAB0B1D1BB7196900DEC03C /* Assets.xcassets */; };
		3AAB0B211BB7196900DEC03C /* LaunchScreen.storyboard in Resources */ = {isa = PBXBuildFile; fileRef = 3AAB0B1F1BB7196900DEC03C /* LaunchScreen.storyboard */; };
		3AAB0B2B1BB71C3A00DEC03C /* WindowsAzureMobileServices.framework in Frameworks */ = {isa = PBXBuildFile; fileRef = 3AAB0B2A1BB71C3A00DEC03C /* WindowsAzureMobileServices.framework */; settings = {ASSET_TAGS = (); }; };
		3AAB0B2F1BB757D000DEC03C /* AddPackageTableViewController.m in Sources */ = {isa = PBXBuildFile; fileRef = 3AAB0B2E1BB757D000DEC03C /* AddPackageTableViewController.m */; settings = {ASSET_TAGS = (); }; };
		3AAB0B321BB7723A00DEC03C /* ChooseCourierTableViewController.m in Sources */ = {isa = PBXBuildFile; fileRef = 3AAB0B311BB7723A00DEC03C /* ChooseCourierTableViewController.m */; settings = {ASSET_TAGS = (); }; };
		3AAB0B341BB7B24F00DEC03C /* WindowsAzureMessaging.framework in Frameworks */ = {isa = PBXBuildFile; fileRef = 3AAB0B331BB7B24F00DEC03C /* WindowsAzureMessaging.framework */; settings = {ASSET_TAGS = (); }; };
		3AAB0B411BB7C2C500DEC03C /* Unirest in Resources */ = {isa = PBXBuildFile; fileRef = 3AAB0B401BB7C2C500DEC03C /* Unirest */; settings = {ASSET_TAGS = (); }; };
		3AAB0B441BB7FFB500DEC03C /* ChooseSeatTableViewController.m in Sources */ = {isa = PBXBuildFile; fileRef = 3AAB0B431BB7FFB500DEC03C /* ChooseSeatTableViewController.m */; settings = {ASSET_TAGS = (); }; };
/* End PBXBuildFile section */

/* Begin PBXFileReference section */
		3A75EE0D1BB822D9002B819D /* Packaging Filled-100.png */ = {isa = PBXFileReference; lastKnownFileType = image.png; path = "Packaging Filled-100.png"; sourceTree = "<group>"; };
		3A75EE0F1BB822DF002B819D /* Airport Filled-100.png */ = {isa = PBXFileReference; lastKnownFileType = image.png; path = "Airport Filled-100.png"; sourceTree = "<group>"; };
		3A75EE111BB823FC002B819D /* Packaging Filled-32.png */ = {isa = PBXFileReference; lastKnownFileType = image.png; path = "Packaging Filled-32.png"; sourceTree = "<group>"; };
		3A75EE131BB82402002B819D /* Airport Filled-32.png */ = {isa = PBXFileReference; lastKnownFileType = image.png; path = "Airport Filled-32.png"; sourceTree = "<group>"; };
		3AAB0B0B1BB7196900DEC03C /* Musical Chairs.app */ = {isa = PBXFileReference; explicitFileType = wrapper.application; includeInIndex = 0; path = "Musical Chairs.app"; sourceTree = BUILT_PRODUCTS_DIR; };
		3AAB0B0F1BB7196900DEC03C /* main.m */ = {isa = PBXFileReference; lastKnownFileType = sourcecode.c.objc; path = main.m; sourceTree = "<group>"; };
		3AAB0B111BB7196900DEC03C /* AppDelegate.h */ = {isa = PBXFileReference; lastKnownFileType = sourcecode.c.h; path = AppDelegate.h; sourceTree = "<group>"; };
		3AAB0B121BB7196900DEC03C /* AppDelegate.m */ = {isa = PBXFileReference; lastKnownFileType = sourcecode.c.objc; path = AppDelegate.m; sourceTree = "<group>"; };
		3AAB0B141BB7196900DEC03C /* FlightTableViewController.h */ = {isa = PBXFileReference; lastKnownFileType = sourcecode.c.h; path = FlightTableViewController.h; sourceTree = "<group>"; };
		3AAB0B151BB7196900DEC03C /* FlightTableViewController.m */ = {isa = PBXFileReference; lastKnownFileType = sourcecode.c.objc; path = FlightTableViewController.m; sourceTree = "<group>"; };
		3AAB0B171BB7196900DEC03C /* PackageTableViewController.h */ = {isa = PBXFileReference; lastKnownFileType = sourcecode.c.h; path = PackageTableViewController.h; sourceTree = "<group>"; };
		3AAB0B181BB7196900DEC03C /* PackageTableViewController.m */ = {isa = PBXFileReference; lastKnownFileType = sourcecode.c.objc; path = PackageTableViewController.m; sourceTree = "<group>"; };
		3AAB0B1B1BB7196900DEC03C /* Base */ = {isa = PBXFileReference; lastKnownFileType = file.storyboard; name = Base; path = Base.lproj/Main.storyboard; sourceTree = "<group>"; };
		3AAB0B1D1BB7196900DEC03C /* Assets.xcassets */ = {isa = PBXFileReference; lastKnownFileType = folder.assetcatalog; path = Assets.xcassets; sourceTree = "<group>"; };
		3AAB0B201BB7196900DEC03C /* Base */ = {isa = PBXFileReference; lastKnownFileType = file.storyboard; name = Base; path = Base.lproj/LaunchScreen.storyboard; sourceTree = "<group>"; };
		3AAB0B221BB7196900DEC03C /* Info.plist */ = {isa = PBXFileReference; lastKnownFileType = text.plist.xml; path = Info.plist; sourceTree = "<group>"; };
		3AAB0B2A1BB71C3A00DEC03C /* WindowsAzureMobileServices.framework */ = {isa = PBXFileReference; lastKnownFileType = wrapper.framework; path = WindowsAzureMobileServices.framework; sourceTree = "<group>"; };
		3AAB0B2D1BB757BD00DEC03C /* AddPackageTableViewController.h */ = {isa = PBXFileReference; fileEncoding = 4; lastKnownFileType = sourcecode.c.h; path = AddPackageTableViewController.h; sourceTree = "<group>"; };
		3AAB0B2E1BB757D000DEC03C /* AddPackageTableViewController.m */ = {isa = PBXFileReference; fileEncoding = 4; lastKnownFileType = sourcecode.c.objc; path = AddPackageTableViewController.m; sourceTree = "<group>"; };
		3AAB0B301BB7723A00DEC03C /* ChooseCourierTableViewController.h */ = {isa = PBXFileReference; fileEncoding = 4; lastKnownFileType = sourcecode.c.h; path = ChooseCourierTableViewController.h; sourceTree = "<group>"; };
		3AAB0B311BB7723A00DEC03C /* ChooseCourierTableViewController.m */ = {isa = PBXFileReference; fileEncoding = 4; lastKnownFileType = sourcecode.c.objc; path = ChooseCourierTableViewController.m; sourceTree = "<group>"; };
		3AAB0B331BB7B24F00DEC03C /* WindowsAzureMessaging.framework */ = {isa = PBXFileReference; lastKnownFileType = wrapper.framework; path = WindowsAzureMessaging.framework; sourceTree = "<group>"; };
		3AAB0B401BB7C2C500DEC03C /* Unirest */ = {isa = PBXFileReference; lastKnownFileType = folder; path = Unirest; sourceTree = "<group>"; };
		3AAB0B421BB7FFB500DEC03C /* ChooseSeatTableViewController.h */ = {isa = PBXFileReference; fileEncoding = 4; lastKnownFileType = sourcecode.c.h; path = ChooseSeatTableViewController.h; sourceTree = "<group>"; };
		3AAB0B431BB7FFB500DEC03C /* ChooseSeatTableViewController.m */ = {isa = PBXFileReference; fileEncoding = 4; lastKnownFileType = sourcecode.c.objc; path = ChooseSeatTableViewController.m; sourceTree = "<group>"; };
/* End PBXFileReference section */

/* Begin PBXFrameworksBuildPhase section */
		3AAB0B081BB7196900DEC03C /* Frameworks */ = {
			isa = PBXFrameworksBuildPhase;
			buildActionMask = 2147483647;
			files = (
				3AAB0B2B1BB71C3A00DEC03C /* WindowsAzureMobileServices.framework in Frameworks */,
				3AAB0B341BB7B24F00DEC03C /* WindowsAzureMessaging.framework in Frameworks */,
			);
			runOnlyForDeploymentPostprocessing = 0;
		};
/* End PBXFrameworksBuildPhase section */

/* Begin PBXGroup section */
		3AAB0B021BB7196900DEC03C = {
			isa = PBXGroup;
			children = (
				3AAB0B2C1BB71C4100DEC03C /* Frameworks */,
				3AAB0B0D1BB7196900DEC03C /* Musical Chairs */,
				3AAB0B0C1BB7196900DEC03C /* Products */,
			);
			sourceTree = "<group>";
		};
		3AAB0B0C1BB7196900DEC03C /* Products */ = {
			isa = PBXGroup;
			children = (
				3AAB0B0B1BB7196900DEC03C /* Musical Chairs.app */,
			);
			name = Products;
			sourceTree = "<group>";
		};
		3AAB0B0D1BB7196900DEC03C /* Musical Chairs */ = {
			isa = PBXGroup;
			children = (
				3AAB0B401BB7C2C500DEC03C /* Unirest */,
				3AAB0B111BB7196900DEC03C /* AppDelegate.h */,
				3AAB0B121BB7196900DEC03C /* AppDelegate.m */,
				3AAB0B141BB7196900DEC03C /* FlightTableViewController.h */,
				3AAB0B151BB7196900DEC03C /* FlightTableViewController.m */,
				3AAB0B421BB7FFB500DEC03C /* ChooseSeatTableViewController.h */,
				3AAB0B431BB7FFB500DEC03C /* ChooseSeatTableViewController.m */,
				3AAB0B171BB7196900DEC03C /* PackageTableViewController.h */,
				3AAB0B181BB7196900DEC03C /* PackageTableViewController.m */,
				3AAB0B2D1BB757BD00DEC03C /* AddPackageTableViewController.h */,
				3AAB0B2E1BB757D000DEC03C /* AddPackageTableViewController.m */,
				3AAB0B301BB7723A00DEC03C /* ChooseCourierTableViewController.h */,
				3AAB0B311BB7723A00DEC03C /* ChooseCourierTableViewController.m */,
				3AAB0B1A1BB7196900DEC03C /* Main.storyboard */,
				3A75EE0F1BB822DF002B819D /* Airport Filled-100.png */,
				3A75EE0D1BB822D9002B819D /* Packaging Filled-100.png */,
				3A75EE131BB82402002B819D /* Airport Filled-32.png */,
				3A75EE111BB823FC002B819D /* Packaging Filled-32.png */,
				3AAB0B1D1BB7196900DEC03C /* Assets.xcassets */,
				3AAB0B1F1BB7196900DEC03C /* LaunchScreen.storyboard */,
				3AAB0B221BB7196900DEC03C /* Info.plist */,
				3AAB0B0E1BB7196900DEC03C /* Supporting Files */,
			);
			path = "Musical Chairs";
			sourceTree = "<group>";
		};
		3AAB0B0E1BB7196900DEC03C /* Supporting Files */ = {
			isa = PBXGroup;
			children = (
				3AAB0B0F1BB7196900DEC03C /* main.m */,
			);
			name = "Supporting Files";
			sourceTree = "<group>";
		};
		3AAB0B2C1BB71C4100DEC03C /* Frameworks */ = {
			isa = PBXGroup;
			children = (
				3AAB0B331BB7B24F00DEC03C /* WindowsAzureMessaging.framework */,
				3AAB0B2A1BB71C3A00DEC03C /* WindowsAzureMobileServices.framework */,
			);
			name = Frameworks;
			sourceTree = "<group>";
		};
/* End PBXGroup section */

/* Begin PBXNativeTarget section */
		3AAB0B0A1BB7196900DEC03C /* Musical Chairs */ = {
			isa = PBXNativeTarget;
			buildConfigurationList = 3AAB0B251BB7196900DEC03C /* Build configuration list for PBXNativeTarget "Musical Chairs" */;
			buildPhases = (
				3AAB0B071BB7196900DEC03C /* Sources */,
				3AAB0B081BB7196900DEC03C /* Frameworks */,
				3AAB0B091BB7196900DEC03C /* Resources */,
			);
			buildRules = (
			);
			dependencies = (
			);
			name = "Musical Chairs";
			productName = "Musical Chairs";
			productReference = 3AAB0B0B1BB7196900DEC03C /* Musical Chairs.app */;
			productType = "com.apple.product-type.application";
		};
/* End PBXNativeTarget section */

/* Begin PBXProject section */
		3AAB0B031BB7196900DEC03C /* Project object */ = {
			isa = PBXProject;
			attributes = {
				LastUpgradeCheck = 0700;
				ORGANIZATIONNAME = "Harsha Nori";
				TargetAttributes = {
					3AAB0B0A1BB7196900DEC03C = {
						CreatedOnToolsVersion = 7.0;
						DevelopmentTeam = TL58VP6DD4;
					};
				};
			};
			buildConfigurationList = 3AAB0B061BB7196900DEC03C /* Build configuration list for PBXProject "Musical Chairs" */;
			compatibilityVersion = "Xcode 3.2";
			developmentRegion = English;
			hasScannedForEncodings = 0;
			knownRegions = (
				en,
				Base,
			);
			mainGroup = 3AAB0B021BB7196900DEC03C;
			productRefGroup = 3AAB0B0C1BB7196900DEC03C /* Products */;
			projectDirPath = "";
			projectRoot = "";
			targets = (
				3AAB0B0A1BB7196900DEC03C /* Musical Chairs */,
			);
		};
/* End PBXProject section */

/* Begin PBXResourcesBuildPhase section */
		3AAB0B091BB7196900DEC03C /* Resources */ = {
			isa = PBXResourcesBuildPhase;
			buildActionMask = 2147483647;
			files = (
				3AAB0B211BB7196900DEC03C /* LaunchScreen.storyboard in Resources */,
				3A75EE0E1BB822D9002B819D /* Packaging Filled-100.png in Resources */,
				3A75EE101BB822DF002B819D /* Airport Filled-100.png in Resources */,
				3A75EE141BB82402002B819D /* Airport Filled-32.png in Resources */,
				3AAB0B411BB7C2C500DEC03C /* Unirest in Resources */,
				3AAB0B1E1BB7196900DEC03C /* Assets.xcassets in Resources */,
				3AAB0B1C1BB7196900DEC03C /* Main.storyboard in Resources */,
				3A75EE121BB823FC002B819D /* Packaging Filled-32.png in Resources */,
			);
			runOnlyForDeploymentPostprocessing = 0;
		};
/* End PBXResourcesBuildPhase section */

/* Begin PBXSourcesBuildPhase section */
		3AAB0B071BB7196900DEC03C /* Sources */ = {
			isa = PBXSourcesBuildPhase;
			buildActionMask = 2147483647;
			files = (
				3AAB0B321BB7723A00DEC03C /* ChooseCourierTableViewController.m in Sources */,
				3AAB0B191BB7196900DEC03C /* PackageTableViewController.m in Sources */,
				3AAB0B2F1BB757D000DEC03C /* AddPackageTableViewController.m in Sources */,
				3AAB0B131BB7196900DEC03C /* AppDelegate.m in Sources */,
				3AAB0B441BB7FFB500DEC03C /* ChooseSeatTableViewController.m in Sources */,
				3AAB0B161BB7196900DEC03C /* FlightTableViewController.m in Sources */,
				3AAB0B101BB7196900DEC03C /* main.m in Sources */,
			);
			runOnlyForDeploymentPostprocessing = 0;
		};
/* End PBXSourcesBuildPhase section */

/* Begin PBXVariantGroup section */
		3AAB0B1A1BB7196900DEC03C /* Main.storyboard */ = {
			isa = PBXVariantGroup;
			children = (
				3AAB0B1B1BB7196900DEC03C /* Base */,
			);
			name = Main.storyboard;
			sourceTree = "<group>";
		};
		3AAB0B1F1BB7196900DEC03C /* LaunchScreen.storyboard */ = {
			isa = PBXVariantGroup;
			children = (
				3AAB0B201BB7196900DEC03C /* Base */,
			);
			name = LaunchScreen.storyboard;
			sourceTree = "<group>";
		};
/* End PBXVariantGroup section */

/* Begin XCBuildConfiguration section */
		3AAB0B231BB7196900DEC03C /* Debug */ = {
			isa = XCBuildConfiguration;
			buildSettings = {
				ALWAYS_SEARCH_USER_PATHS = NO;
				CLANG_CXX_LANGUAGE_STANDARD = "gnu++0x";
				CLANG_CXX_LIBRARY = "libc++";
				CLANG_ENABLE_MODULES = YES;
				CLANG_ENABLE_OBJC_ARC = YES;
				CLANG_WARN_BOOL_CONVERSION = YES;
				CLANG_WARN_CONSTANT_CONVERSION = YES;
				CLANG_WARN_DIRECT_OBJC_ISA_USAGE = YES_ERROR;
				CLANG_WARN_EMPTY_BODY = YES;
				CLANG_WARN_ENUM_CONVERSION = YES;
				CLANG_WARN_INT_CONVERSION = YES;
				CLANG_WARN_OBJC_ROOT_CLASS = YES_ERROR;
				CLANG_WARN_UNREACHABLE_CODE = YES;
				CLANG_WARN__DUPLICATE_METHOD_MATCH = YES;
				"CODE_SIGN_IDENTITY[sdk=iphoneos*]" = "iPhone Developer";
				COPY_PHASE_STRIP = NO;
				DEBUG_INFORMATION_FORMAT = dwarf;
				ENABLE_STRICT_OBJC_MSGSEND = YES;
				ENABLE_TESTABILITY = YES;
				GCC_C_LANGUAGE_STANDARD = gnu99;
				GCC_DYNAMIC_NO_PIC = NO;
				GCC_NO_COMMON_BLOCKS = YES;
				GCC_OPTIMIZATION_LEVEL = 0;
				GCC_PREPROCESSOR_DEFINITIONS = (
					"DEBUG=1",
					"$(inherited)",
				);
				GCC_WARN_64_TO_32_BIT_CONVERSION = YES;
				GCC_WARN_ABOUT_RETURN_TYPE = YES_ERROR;
				GCC_WARN_UNDECLARED_SELECTOR = YES;
				GCC_WARN_UNINITIALIZED_AUTOS = YES_AGGRESSIVE;
				GCC_WARN_UNUSED_FUNCTION = YES;
				GCC_WARN_UNUSED_VARIABLE = YES;
				IPHONEOS_DEPLOYMENT_TARGET = 9.0;
				MTL_ENABLE_DEBUG_INFO = YES;
				ONLY_ACTIVE_ARCH = YES;
				SDKROOT = iphoneos;
				TARGETED_DEVICE_FAMILY = "1,2";
			};
			name = Debug;
		};
		3AAB0B241BB7196900DEC03C /* Release */ = {
			isa = XCBuildConfiguration;
			buildSettings = {
				ALWAYS_SEARCH_USER_PATHS = NO;
				CLANG_CXX_LANGUAGE_STANDARD = "gnu++0x";
				CLANG_CXX_LIBRARY = "libc++";
				CLANG_ENABLE_MODULES = YES;
				CLANG_ENABLE_OBJC_ARC = YES;
				CLANG_WARN_BOOL_CONVERSION = YES;
				CLANG_WARN_CONSTANT_CONVERSION = YES;
				CLANG_WARN_DIRECT_OBJC_ISA_USAGE = YES_ERROR;
				CLANG_WARN_EMPTY_BODY = YES;
				CLANG_WARN_ENUM_CONVERSION = YES;
				CLANG_WARN_INT_CONVERSION = YES;
				CLANG_WARN_OBJC_ROOT_CLASS = YES_ERROR;
				CLANG_WARN_UNREACHABLE_CODE = YES;
				CLANG_WARN__DUPLICATE_METHOD_MATCH = YES;
				"CODE_SIGN_IDENTITY[sdk=iphoneos*]" = "iPhone Developer";
				COPY_PHASE_STRIP = NO;
				DEBUG_INFORMATION_FORMAT = "dwarf-with-dsym";
				ENABLE_NS_ASSERTIONS = NO;
				ENABLE_STRICT_OBJC_MSGSEND = YES;
				GCC_C_LANGUAGE_STANDARD = gnu99;
				GCC_NO_COMMON_BLOCKS = YES;
				GCC_WARN_64_TO_32_BIT_CONVERSION = YES;
				GCC_WARN_ABOUT_RETURN_TYPE = YES_ERROR;
				GCC_WARN_UNDECLARED_SELECTOR = YES;
				GCC_WARN_UNINITIALIZED_AUTOS = YES_AGGRESSIVE;
				GCC_WARN_UNUSED_FUNCTION = YES;
				GCC_WARN_UNUSED_VARIABLE = YES;
				IPHONEOS_DEPLOYMENT_TARGET = 9.0;
				MTL_ENABLE_DEBUG_INFO = NO;
				SDKROOT = iphoneos;
				TARGETED_DEVICE_FAMILY = "1,2";
				VALIDATE_PRODUCT = YES;
			};
			name = Release;
		};
		3AAB0B261BB7196900DEC03C /* Debug */ = {
			isa = XCBuildConfiguration;
			buildSettings = {
				ASSETCATALOG_COMPILER_APPICON_NAME = AppIcon;
				CODE_SIGN_IDENTITY = "iPhone Developer";
				ENABLE_BITCODE = NO;
				FRAMEWORK_SEARCH_PATHS = (
					"$(inherited)",
					"$(PROJECT_DIR)",
				);
				INFOPLIST_FILE = "Musical Chairs/Info.plist";
				LD_RUNPATH_SEARCH_PATHS = "$(inherited) @executable_path/Frameworks";
				PRODUCT_BUNDLE_IDENTIFIER = HarshaCompany.MusicalChairs;
				PRODUCT_NAME = "$(TARGET_NAME)";
				PROVISIONING_PROFILE = "f7cfbd92-2edc-4e05-a3f9-fb88d518987f";
			};
			name = Debug;
		};
		3AAB0B271BB7196900DEC03C /* Release */ = {
			isa = XCBuildConfiguration;
			buildSettings = {
				ASSETCATALOG_COMPILER_APPICON_NAME = AppIcon;
				CODE_SIGN_IDENTITY = "iPhone Developer";
				ENABLE_BITCODE = NO;
				FRAMEWORK_SEARCH_PATHS = (
					"$(inherited)",
					"$(PROJECT_DIR)",
				);
				INFOPLIST_FILE = "Musical Chairs/Info.plist";
				LD_RUNPATH_SEARCH_PATHS = "$(inherited) @executable_path/Frameworks";
				PRODUCT_BUNDLE_IDENTIFIER = HarshaCompany.MusicalChairs;
				PRODUCT_NAME = "$(TARGET_NAME)";
				PROVISIONING_PROFILE = "f7cfbd92-2edc-4e05-a3f9-fb88d518987f";
			};
			name = Release;
		};
/* End XCBuildConfiguration section */

/* Begin XCConfigurationList section */
		3AAB0B061BB7196900DEC03C /* Build configuration list for PBXProject "Musical Chairs" */ = {
			isa = XCConfigurationList;
			buildConfigurations = (
				3AAB0B231BB7196900DEC03C /* Debug */,
				3AAB0B241BB7196900DEC03C /* Release */,
			);
			defaultConfigurationIsVisible = 0;
			defaultConfigurationName = Release;
		};
		3AAB0B251BB7196900DEC03C /* Build configuration list for PBXNativeTarget "Musical Chairs" */ = {
			isa = XCConfigurationList;
			buildConfigurations = (
				3AAB0B261BB7196900DEC03C /* Debug */,
				3AAB0B271BB7196900DEC03C /* Release */,
			);
			defaultConfigurationIsVisible = 0;
			defaultConfigurationName = Release;
		};
/* End XCConfigurationList section */
	};
	rootObject = 3AAB0B031BB7196900DEC03C /* Project object */;
}
